apiVersion: kbld.k14s.io/v1alpha1
kind: Config
minimumRequiredVersion: 0.24.0
overrides:
- image: jimmidyson/configmap-reload:v0.4.0
  newImage: index.docker.io/jamesclonk/prometheus@sha256:17d34fd73f9e8a78ba7da269d96822ce8972391c2838e08d92a990136adb8e4a
  preresolved: true
- image: prom/alertmanager:v0.21.0
  newImage: index.docker.io/jamesclonk/prometheus@sha256:24a5204b418e8fa0214cfb628486749003b039c279c56b5bddb5b10cd100d926
  preresolved: true
- image: prom/node-exporter:v1.0.1
  newImage: index.docker.io/jamesclonk/prometheus@sha256:cf66a6bbd573fd819ea09c72e21b528e9252d58d01ae13564a29749de1e48e0f
  preresolved: true
- image: prom/prometheus:v2.20.1
  newImage: index.docker.io/jamesclonk/prometheus@sha256:788260ebd13613456c168d2eed8290f119f2b6301af2507ff65908d979c66c17
  preresolved: true
- image: prom/pushgateway:v1.2.0
  newImage: index.docker.io/jamesclonk/prometheus@sha256:0a9031142481adfb964fe7f65e698d01a6260de982f0322bc44496c3dcc866f1
  preresolved: true
- image: quay.io/coreos/kube-state-metrics:v1.9.7
  newImage: index.docker.io/jamesclonk/prometheus@sha256:2f82f0da199c60a7699c43c63a295c44e673242de0b7ee1b17c2d5a23bec34cb
  preresolved: true
- image: index.docker.io/jamesclonk/prometheus@sha256:0a9031142481adfb964fe7f65e698d01a6260de982f0322bc44496c3dcc866f1
  newImage: index.docker.io/jamesclonk/prometheus@sha256:0a9031142481adfb964fe7f65e698d01a6260de982f0322bc44496c3dcc866f1
  preresolved: true
- image: index.docker.io/jamesclonk/prometheus@sha256:17d34fd73f9e8a78ba7da269d96822ce8972391c2838e08d92a990136adb8e4a
  newImage: index.docker.io/jamesclonk/prometheus@sha256:17d34fd73f9e8a78ba7da269d96822ce8972391c2838e08d92a990136adb8e4a
  preresolved: true
- image: index.docker.io/jamesclonk/prometheus@sha256:24a5204b418e8fa0214cfb628486749003b039c279c56b5bddb5b10cd100d926
  newImage: index.docker.io/jamesclonk/prometheus@sha256:24a5204b418e8fa0214cfb628486749003b039c279c56b5bddb5b10cd100d926
  preresolved: true
- image: index.docker.io/jamesclonk/prometheus@sha256:2f82f0da199c60a7699c43c63a295c44e673242de0b7ee1b17c2d5a23bec34cb
  newImage: index.docker.io/jamesclonk/prometheus@sha256:2f82f0da199c60a7699c43c63a295c44e673242de0b7ee1b17c2d5a23bec34cb
  preresolved: true
- image: index.docker.io/jamesclonk/prometheus@sha256:788260ebd13613456c168d2eed8290f119f2b6301af2507ff65908d979c66c17
  newImage: index.docker.io/jamesclonk/prometheus@sha256:788260ebd13613456c168d2eed8290f119f2b6301af2507ff65908d979c66c17
  preresolved: true
- image: index.docker.io/jamesclonk/prometheus@sha256:cf66a6bbd573fd819ea09c72e21b528e9252d58d01ae13564a29749de1e48e0f
  newImage: index.docker.io/jamesclonk/prometheus@sha256:cf66a6bbd573fd819ea09c72e21b528e9252d58d01ae13564a29749de1e48e0f
  preresolved: true
