apiVersion: kbld.k14s.io/v1alpha1
kind: Config
minimumRequiredVersion: 0.24.0
overrides:
- image: gcr.io/kuar-demo/kuard-amd64@sha256:1ecc9fb2c871302fdb57a25e0c076311b7b352b0a9246d442940ca8fb4efe229
  newImage: gcr.io/kuar-demo/kuard-amd64@sha256:1ecc9fb2c871302fdb57a25e0c076311b7b352b0a9246d442940ca8fb4efe229
  preresolved: true
