apiVersion: kbld.k14s.io/v1alpha1
kind: Config
minimumRequiredVersion: 0.24.0
overrides:
- image: jamesclonk/home-info-dashboard:1edac358b37dc12e2ce55f810adc6c6a8f704dee
  newImage: index.docker.io/jamesclonk/home-info-dashboard@sha256:4a093b313ee3e2e96abaee840e745e364ff7fbbda658306e29f8a1951580a104
  preresolved: true
