apiVersion: kbld.k14s.io/v1alpha1
kind: Config
minimumRequiredVersion: 0.24.0
overrides:
- image: jamesclonk/home-info-dashboard:17639585b570b5fc50e076eb873b2db7d9baa4f6
  newImage: index.docker.io/jamesclonk/home-info-dashboard@sha256:7b2bb5f2b3388e9613922c45800c1ae70d35fc9414b24dcccff89cc48eb773de
  preresolved: true
