apiVersion: kbld.k14s.io/v1alpha1
kind: Config
minimumRequiredVersion: 0.24.0
overrides:
- image: jamesclonk/ircollector:247933264422513358836234f64849d86e8ed226
  newImage: index.docker.io/jamesclonk/ircollector@sha256:b250b08651974a57ada762d0db92078e06391b4d44f8cf21454ed7d9a223e665
  preresolved: true
- image: jamesclonk/irvisualizer:387a0f13eb7e9863d5ebe9b709c7e8850cd49c72
  newImage: index.docker.io/jamesclonk/irvisualizer@sha256:8902c3d38e40881b15b2891e0607c78f9ab665efa4d1ea2b978856a7ab6b2bf4
  preresolved: true
