apiVersion: kbld.k14s.io/v1alpha1
kind: Config
minimumRequiredVersion: 0.24.0
overrides:
- image: dpage/pgadmin4@sha256:e4a446a0f4b54465790e12ee5a684f1c21d5aeb6d3a6e4f8448c0ee4a6c2bce4
  newImage: index.docker.io/dpage/pgadmin4@sha256:e4a446a0f4b54465790e12ee5a684f1c21d5aeb6d3a6e4f8448c0ee4a6c2bce4
  preresolved: true
- image: jamesclonk/postgres-k8s:latest
  newImage: index.docker.io/jamesclonk/postgres-k8s@sha256:727eb09d3a1e9c9483b5aa8e72f26d10a42bce5021dbbd36e7834ee010f78be7
  preresolved: true
- image: sosedoff/pgweb@sha256:fcb0acce73e0382249e268c4616d83f9ff6e5dda467904905fd24317ec56712a
  newImage: index.docker.io/sosedoff/pgweb@sha256:fcb0acce73e0382249e268c4616d83f9ff6e5dda467904905fd24317ec56712a
  preresolved: true
